{
  "name": "@nac3/runtime",
  "version": "2.3.1",
  "lockfileVersion": 3,
  "requires": true,
  "packages": {
    "": {
      "name": "@nac3/runtime",
      "version": "2.3.1",
      "license": "Apache-2.0",
      "bin": {
        "nac": "dist/cli.js",
        "nac3": "dist/cli.js"
      },
      "engines": {
        "node": ">=18"
      }
    }
  }
}
